
Microsoft Visual Studio Solution File, Format Version 12.00
# Visual Studio Version 17
VisualStudioVersion = 17.6.33829.357
MinimumVisualStudioVersion = 10.0.40219.1
Project("{8BC9CEB8-8B4A-11D0-8D11-00A0C91BC942}") = "ClassAssignment11_StringTester", "ClassAssignment11_StringTester\ClassAssignment11_StringTester.vcxproj", "{E6E50A45-19CA-44CC-BBDE-0826EC1690EC}"
EndProject
Global
	GlobalSection(SolutionConfigurationPlatforms) = preSolution
		Debug|x64 = Debug|x64
		Debug|x86 = Debug|x86
		Release|x64 = Release|x64
		Release|x86 = Release|x86
	EndGlobalSection
	GlobalSection(ProjectConfigurationPlatforms) = postSolution
		{E6E50A45-19CA-44CC-BBDE-0826EC1690EC}.Debug|x64.ActiveCfg = Debug|x64
		{E6E50A45-19CA-44CC-BBDE-0826EC1690EC}.Debug|x64.Build.0 = Debug|x64
		{E6E50A45-19CA-44CC-BBDE-0826EC1690EC}.Debug|x86.ActiveCfg = Debug|Win32
		{E6E50A45-19CA-44CC-BBDE-0826EC1690EC}.Debug|x86.Build.0 = Debug|Win32
		{E6E50A45-19CA-44CC-BBDE-0826EC1690EC}.Release|x64.ActiveCfg = Release|x64
		{E6E50A45-19CA-44CC-BBDE-0826EC1690EC}.Release|x64.Build.0 = Release|x64
		{E6E50A45-19CA-44CC-BBDE-0826EC1690EC}.Release|x86.ActiveCfg = Release|Win32
		{E6E50A45-19CA-44CC-BBDE-0826EC1690EC}.Release|x86.Build.0 = Release|Win32
	EndGlobalSection
	GlobalSection(SolutionProperties) = preSolution
		HideSolutionNode = FALSE
	EndGlobalSection
	GlobalSection(ExtensibilityGlobals) = postSolution
		SolutionGuid = {BA5F7440-205B-449F-AD5E-3A2553D81482}
	EndGlobalSection
EndGlobal
